
Microsoft Visual Studio Solution File, Format Version 11.00
# Visual Studio 2010
# SharpDevelop 4.4
Project("{FAE04EC0-301F-11D3-BF4B-00C04F79EFBC}") = "Yuki Installer", "Yuki Installer\Yuki Installer.csproj", "{8B2619A4-D9AA-4946-90CA-1815E651E918}"
EndProject
Project("{FAE04EC0-301F-11D3-BF4B-00C04F79EFBC}") = "Yuki Theme.Core", "Yuki Theme.Core\Yuki Theme.Core.csproj", "{C12B1851-E2AE-4A31-95DC-1DAAFCDCB108}"
EndProject
Project("{FAE04EC0-301F-11D3-BF4B-00C04F79EFBC}") = "Yuki Theme", "Yuki Theme\Yuki Theme.csproj", "{A4A29993-E643-48B2-A2C6-D4EAD69313B4}"
EndProject
Project("{FAE04EC0-301F-11D3-BF4B-00C04F79EFBC}") = "Yuki Theme Plugin", "Yuki Theme Plugin\Yuki Theme Plugin.csproj", "{36B36D1A-9A45-4015-822F-B50FEE67E63F}"
EndProject
Project("{FAE04EC0-301F-11D3-BF4B-00C04F79EFBC}") = "Yuki Theme.CLI", "Yuki Theme.CLI\Yuki Theme.CLI.csproj", "{96B479D5-984F-41D2-B41A-5A3B685AB29E}"
EndProject
Project("{FAE04EC0-301F-11D3-BF4B-00C04F79EFBC}") = "Yuki Theme.Themes", "Yuki Theme.Themes\Yuki Theme.Themes.csproj", "{902AF0E8-81EE-445C-A1B3-4D8283D88A16}"
EndProject
Global
	GlobalSection(SolutionConfigurationPlatforms) = preSolution
		Debug|Any CPU = Debug|Any CPU
		Release|Any CPU = Release|Any CPU
	EndGlobalSection
	GlobalSection(ProjectConfigurationPlatforms) = postSolution
		{8B2619A4-D9AA-4946-90CA-1815E651E918}.Debug|Any CPU.ActiveCfg = Debug|Any CPU
		{8B2619A4-D9AA-4946-90CA-1815E651E918}.Debug|Any CPU.Build.0 = Debug|Any CPU
		{8B2619A4-D9AA-4946-90CA-1815E651E918}.Release|Any CPU.ActiveCfg = Release|Any CPU
		{8B2619A4-D9AA-4946-90CA-1815E651E918}.Release|Any CPU.Build.0 = Release|Any CPU
		{C12B1851-E2AE-4A31-95DC-1DAAFCDCB108}.Debug|Any CPU.ActiveCfg = Debug|Any CPU
		{C12B1851-E2AE-4A31-95DC-1DAAFCDCB108}.Debug|Any CPU.Build.0 = Debug|Any CPU
		{C12B1851-E2AE-4A31-95DC-1DAAFCDCB108}.Release|Any CPU.ActiveCfg = Release|Any CPU
		{C12B1851-E2AE-4A31-95DC-1DAAFCDCB108}.Release|Any CPU.Build.0 = Release|Any CPU
		{A4A29993-E643-48B2-A2C6-D4EAD69313B4}.Debug|Any CPU.ActiveCfg = Debug|Any CPU
		{A4A29993-E643-48B2-A2C6-D4EAD69313B4}.Debug|Any CPU.Build.0 = Debug|Any CPU
		{A4A29993-E643-48B2-A2C6-D4EAD69313B4}.Release|Any CPU.ActiveCfg = Release|Any CPU
		{A4A29993-E643-48B2-A2C6-D4EAD69313B4}.Release|Any CPU.Build.0 = Release|Any CPU
		{36B36D1A-9A45-4015-822F-B50FEE67E63F}.Debug|Any CPU.ActiveCfg = Debug|Any CPU
		{36B36D1A-9A45-4015-822F-B50FEE67E63F}.Debug|Any CPU.Build.0 = Debug|Any CPU
		{36B36D1A-9A45-4015-822F-B50FEE67E63F}.Release|Any CPU.ActiveCfg = Release|Any CPU
		{36B36D1A-9A45-4015-822F-B50FEE67E63F}.Release|Any CPU.Build.0 = Release|Any CPU
		{96B479D5-984F-41D2-B41A-5A3B685AB29E}.Debug|Any CPU.ActiveCfg = Debug|Any CPU
		{96B479D5-984F-41D2-B41A-5A3B685AB29E}.Debug|Any CPU.Build.0 = Debug|Any CPU
		{96B479D5-984F-41D2-B41A-5A3B685AB29E}.Release|Any CPU.ActiveCfg = Release|Any CPU
		{96B479D5-984F-41D2-B41A-5A3B685AB29E}.Release|Any CPU.Build.0 = Release|Any CPU
		{902AF0E8-81EE-445C-A1B3-4D8283D88A16}.Debug|Any CPU.ActiveCfg = Debug|Any CPU
		{902AF0E8-81EE-445C-A1B3-4D8283D88A16}.Debug|Any CPU.Build.0 = Debug|Any CPU
		{902AF0E8-81EE-445C-A1B3-4D8283D88A16}.Release|Any CPU.ActiveCfg = Release|Any CPU
		{902AF0E8-81EE-445C-A1B3-4D8283D88A16}.Release|Any CPU.Build.0 = Release|Any CPU
	EndGlobalSection
EndGlobal
